
Microsoft Visual Studio Solution File, Format Version 12.00
# Visual Studio 14
VisualStudioVersion = 14.0.25123.0
MinimumVisualStudioVersion = 10.0.40219.1
Project("{2150E333-8FDC-42A3-9474-1A3956D46DE8}") = "Engine", "Engine", "{7B1131C9-FE1B-4B9E-8F87-2541A98B2D2B}"
EndProject
Project("{2150E333-8FDC-42A3-9474-1A3956D46DE8}") = "Games", "Games", "{84454451-AA7C-445F-817A-2F349E78FA94}"
EndProject
Project("{8BC9CEB8-8B4A-11D0-8D11-00A0C91BC942}") = "UE4", "Intermediate\ProjectFiles\UE4.vcxproj", "{FD97812F-CEB1-4E1A-9217-C769A82140B9}"
EndProject
Project("{8BC9CEB8-8B4A-11D0-8D11-00A0C91BC942}") = "escapeTheRoom", "Intermediate\ProjectFiles\escapeTheRoom.vcxproj", "{2C3CD08A-FEF3-4F93-B033-7DD54BE3AA16}"
EndProject
Global
	GlobalSection(SolutionConfigurationPlatforms) = preSolution
		DebugGame Editor|HTML5 = DebugGame Editor|HTML5
		DebugGame Editor|Win32 = DebugGame Editor|Win32
		DebugGame Editor|Win64 = DebugGame Editor|Win64
		DebugGame|HTML5 = DebugGame|HTML5
		DebugGame|Win32 = DebugGame|Win32
		DebugGame|Win64 = DebugGame|Win64
		Development Editor|HTML5 = Development Editor|HTML5
		Development Editor|Win32 = Development Editor|Win32
		Development Editor|Win64 = Development Editor|Win64
		Development|HTML5 = Development|HTML5
		Development|Win32 = Development|Win32
		Development|Win64 = Development|Win64
		Shipping|HTML5 = Shipping|HTML5
		Shipping|Win32 = Shipping|Win32
		Shipping|Win64 = Shipping|Win64
	EndGlobalSection
	GlobalSection(ProjectConfigurationPlatforms) = postSolution
		{FD97812F-CEB1-4E1A-9217-C769A82140B9}.DebugGame Editor|HTML5.ActiveCfg = BuiltWithUnrealBuildTool|Win32
		{FD97812F-CEB1-4E1A-9217-C769A82140B9}.DebugGame Editor|HTML5.Build.0 = BuiltWithUnrealBuildTool|Win32
		{FD97812F-CEB1-4E1A-9217-C769A82140B9}.DebugGame Editor|Win32.ActiveCfg = BuiltWithUnrealBuildTool|Win32
		{FD97812F-CEB1-4E1A-9217-C769A82140B9}.DebugGame Editor|Win32.Build.0 = BuiltWithUnrealBuildTool|Win32
		{FD97812F-CEB1-4E1A-9217-C769A82140B9}.DebugGame Editor|Win64.ActiveCfg = BuiltWithUnrealBuildTool|Win32
		{FD97812F-CEB1-4E1A-9217-C769A82140B9}.DebugGame Editor|Win64.Build.0 = BuiltWithUnrealBuildTool|Win32
		{FD97812F-CEB1-4E1A-9217-C769A82140B9}.DebugGame|HTML5.ActiveCfg = BuiltWithUnrealBuildTool|Win32
		{FD97812F-CEB1-4E1A-9217-C769A82140B9}.DebugGame|HTML5.Build.0 = BuiltWithUnrealBuildTool|Win32
		{FD97812F-CEB1-4E1A-9217-C769A82140B9}.DebugGame|Win32.ActiveCfg = BuiltWithUnrealBuildTool|Win32
		{FD97812F-CEB1-4E1A-9217-C769A82140B9}.DebugGame|Win32.Build.0 = BuiltWithUnrealBuildTool|Win32
		{FD97812F-CEB1-4E1A-9217-C769A82140B9}.DebugGame|Win64.ActiveCfg = BuiltWithUnrealBuildTool|Win32
		{FD97812F-CEB1-4E1A-9217-C769A82140B9}.DebugGame|Win64.Build.0 = BuiltWithUnrealBuildTool|Win32
		{FD97812F-CEB1-4E1A-9217-C769A82140B9}.Development Editor|HTML5.ActiveCfg = BuiltWithUnrealBuildTool|Win32
		{FD97812F-CEB1-4E1A-9217-C769A82140B9}.Development Editor|HTML5.Build.0 = BuiltWithUnrealBuildTool|Win32
		{FD97812F-CEB1-4E1A-9217-C769A82140B9}.Development Editor|Win32.ActiveCfg = BuiltWithUnrealBuildTool|Win32
		{FD97812F-CEB1-4E1A-9217-C769A82140B9}.Development Editor|Win32.Build.0 = BuiltWithUnrealBuildTool|Win32
		{FD97812F-CEB1-4E1A-9217-C769A82140B9}.Development Editor|Win64.ActiveCfg = BuiltWithUnrealBuildTool|Win32
		{FD97812F-CEB1-4E1A-9217-C769A82140B9}.Development Editor|Win64.Build.0 = BuiltWithUnrealBuildTool|Win32
		{FD97812F-CEB1-4E1A-9217-C769A82140B9}.Development|HTML5.ActiveCfg = BuiltWithUnrealBuildTool|Win32
		{FD97812F-CEB1-4E1A-9217-C769A82140B9}.Development|HTML5.Build.0 = BuiltWithUnrealBuildTool|Win32
		{FD97812F-CEB1-4E1A-9217-C769A82140B9}.Development|Win32.ActiveCfg = BuiltWithUnrealBuildTool|Win32
		{FD97812F-CEB1-4E1A-9217-C769A82140B9}.Development|Win32.Build.0 = BuiltWithUnrealBuildTool|Win32
		{FD97812F-CEB1-4E1A-9217-C769A82140B9}.Development|Win64.ActiveCfg = BuiltWithUnrealBuildTool|Win32
		{FD97812F-CEB1-4E1A-9217-C769A82140B9}.Development|Win64.Build.0 = BuiltWithUnrealBuildTool|Win32
		{FD97812F-CEB1-4E1A-9217-C769A82140B9}.Shipping|HTML5.ActiveCfg = BuiltWithUnrealBuildTool|Win32
		{FD97812F-CEB1-4E1A-9217-C769A82140B9}.Shipping|HTML5.Build.0 = BuiltWithUnrealBuildTool|Win32
		{FD97812F-CEB1-4E1A-9217-C769A82140B9}.Shipping|Win32.ActiveCfg = BuiltWithUnrealBuildTool|Win32
		{FD97812F-CEB1-4E1A-9217-C769A82140B9}.Shipping|Win32.Build.0 = BuiltWithUnrealBuildTool|Win32
		{FD97812F-CEB1-4E1A-9217-C769A82140B9}.Shipping|Win64.ActiveCfg = BuiltWithUnrealBuildTool|Win32
		{FD97812F-CEB1-4E1A-9217-C769A82140B9}.Shipping|Win64.Build.0 = BuiltWithUnrealBuildTool|Win32
		{2C3CD08A-FEF3-4F93-B033-7DD54BE3AA16}.DebugGame Editor|HTML5.ActiveCfg = HTML5_DebugGame_Editor|Win32
		{2C3CD08A-FEF3-4F93-B033-7DD54BE3AA16}.DebugGame Editor|Win32.ActiveCfg = DebugGame_Editor|Win32
		{2C3CD08A-FEF3-4F93-B033-7DD54BE3AA16}.DebugGame Editor|Win64.ActiveCfg = DebugGame_Editor|x64
		{2C3CD08A-FEF3-4F93-B033-7DD54BE3AA16}.DebugGame Editor|Win64.Build.0 = DebugGame_Editor|x64
		{2C3CD08A-FEF3-4F93-B033-7DD54BE3AA16}.DebugGame|HTML5.ActiveCfg = HTML5_DebugGame_Game|Win32
		{2C3CD08A-FEF3-4F93-B033-7DD54BE3AA16}.DebugGame|HTML5.Build.0 = HTML5_DebugGame_Game|Win32
		{2C3CD08A-FEF3-4F93-B033-7DD54BE3AA16}.DebugGame|Win32.ActiveCfg = DebugGame_Game|Win32
		{2C3CD08A-FEF3-4F93-B033-7DD54BE3AA16}.DebugGame|Win32.Build.0 = DebugGame_Game|Win32
		{2C3CD08A-FEF3-4F93-B033-7DD54BE3AA16}.DebugGame|Win64.ActiveCfg = DebugGame_Game|x64
		{2C3CD08A-FEF3-4F93-B033-7DD54BE3AA16}.DebugGame|Win64.Build.0 = DebugGame_Game|x64
		{2C3CD08A-FEF3-4F93-B033-7DD54BE3AA16}.Development Editor|HTML5.ActiveCfg = HTML5_Development_Editor|Win32
		{2C3CD08A-FEF3-4F93-B033-7DD54BE3AA16}.Development Editor|Win32.ActiveCfg = Development_Editor|Win32
		{2C3CD08A-FEF3-4F93-B033-7DD54BE3AA16}.Development Editor|Win64.ActiveCfg = Development_Editor|x64
		{2C3CD08A-FEF3-4F93-B033-7DD54BE3AA16}.Development Editor|Win64.Build.0 = Development_Editor|x64
		{2C3CD08A-FEF3-4F93-B033-7DD54BE3AA16}.Development|HTML5.ActiveCfg = HTML5_Development_Game|Win32
		{2C3CD08A-FEF3-4F93-B033-7DD54BE3AA16}.Development|HTML5.Build.0 = HTML5_Development_Game|Win32
		{2C3CD08A-FEF3-4F93-B033-7DD54BE3AA16}.Development|Win32.ActiveCfg = Development_Game|Win32
		{2C3CD08A-FEF3-4F93-B033-7DD54BE3AA16}.Development|Win32.Build.0 = Development_Game|Win32
		{2C3CD08A-FEF3-4F93-B033-7DD54BE3AA16}.Development|Win64.ActiveCfg = Development_Game|x64
		{2C3CD08A-FEF3-4F93-B033-7DD54BE3AA16}.Development|Win64.Build.0 = Development_Game|x64
		{2C3CD08A-FEF3-4F93-B033-7DD54BE3AA16}.Shipping|HTML5.ActiveCfg = HTML5_Shipping_Game|Win32
		{2C3CD08A-FEF3-4F93-B033-7DD54BE3AA16}.Shipping|HTML5.Build.0 = HTML5_Shipping_Game|Win32
		{2C3CD08A-FEF3-4F93-B033-7DD54BE3AA16}.Shipping|Win32.ActiveCfg = Shipping_Game|Win32
		{2C3CD08A-FEF3-4F93-B033-7DD54BE3AA16}.Shipping|Win32.Build.0 = Shipping_Game|Win32
		{2C3CD08A-FEF3-4F93-B033-7DD54BE3AA16}.Shipping|Win64.ActiveCfg = Shipping_Game|x64
		{2C3CD08A-FEF3-4F93-B033-7DD54BE3AA16}.Shipping|Win64.Build.0 = Shipping_Game|x64
	EndGlobalSection
	GlobalSection(SolutionProperties) = preSolution
		HideSolutionNode = FALSE
	EndGlobalSection
	GlobalSection(NestedProjects) = preSolution
		{FD97812F-CEB1-4E1A-9217-C769A82140B9} = {7B1131C9-FE1B-4B9E-8F87-2541A98B2D2B}
		{2C3CD08A-FEF3-4F93-B033-7DD54BE3AA16} = {84454451-AA7C-445F-817A-2F349E78FA94}
	EndGlobalSection
EndGlobal
